
Microsoft Visual Studio Solution File, Format Version 12.00
# Visual Studio Version 16
VisualStudioVersion = 16.0.33027.164
MinimumVisualStudioVersion = 10.0.40219.1
Project("{2150E333-8FDC-42A3-9474-1A3956D46DE8}") = "Applications", "Applications", "{9D524934-B4C4-4E1A-9764-0C702FAC4EEC}"
EndProject
Project("{2150E333-8FDC-42A3-9474-1A3956D46DE8}") = "Libraries", "Libraries", "{D0FBB804-248C-4FEB-92C8-E1F6BA27F00B}"
EndProject
Project("{FAE04EC0-301F-11D3-BF4B-00C04F79EFBC}") = "19T1021044.Web", "19T1021044.Web\19T1021044.Web.csproj", "{7CB5AD61-BBDE-44BF-B98A-139F392129B6}"
EndProject
Project("{FAE04EC0-301F-11D3-BF4B-00C04F79EFBC}") = "19T1021044.DomainModels", "19T1021044.DomainModels\19T1021044.DomainModels.csproj", "{DAAE4E2D-4DC9-4B71-93B8-579E11AD43A3}"
EndProject
Project("{FAE04EC0-301F-11D3-BF4B-00C04F79EFBC}") = "19T1021044.DataLayers", "19T1021044.DataLayers\19T1021044.DataLayers.csproj", "{13D96D82-B785-41F1-B33E-291C7CCA700A}"
EndProject
Project("{FAE04EC0-301F-11D3-BF4B-00C04F79EFBC}") = "19T1021044.BusinessLayers", "19T1021044.BusinessLayers\19T1021044.BusinessLayers.csproj", "{C008E782-3045-4412-AEB8-42BBBF3F4046}"
EndProject
Global
	GlobalSection(SolutionConfigurationPlatforms) = preSolution
		Debug|Any CPU = Debug|Any CPU
		Release|Any CPU = Release|Any CPU
	EndGlobalSection
	GlobalSection(ProjectConfigurationPlatforms) = postSolution
		{7CB5AD61-BBDE-44BF-B98A-139F392129B6}.Debug|Any CPU.ActiveCfg = Debug|Any CPU
		{7CB5AD61-BBDE-44BF-B98A-139F392129B6}.Debug|Any CPU.Build.0 = Debug|Any CPU
		{7CB5AD61-BBDE-44BF-B98A-139F392129B6}.Release|Any CPU.ActiveCfg = Release|Any CPU
		{7CB5AD61-BBDE-44BF-B98A-139F392129B6}.Release|Any CPU.Build.0 = Release|Any CPU
		{DAAE4E2D-4DC9-4B71-93B8-579E11AD43A3}.Debug|Any CPU.ActiveCfg = Debug|Any CPU
		{DAAE4E2D-4DC9-4B71-93B8-579E11AD43A3}.Debug|Any CPU.Build.0 = Debug|Any CPU
		{DAAE4E2D-4DC9-4B71-93B8-579E11AD43A3}.Release|Any CPU.ActiveCfg = Release|Any CPU
		{DAAE4E2D-4DC9-4B71-93B8-579E11AD43A3}.Release|Any CPU.Build.0 = Release|Any CPU
		{13D96D82-B785-41F1-B33E-291C7CCA700A}.Debug|Any CPU.ActiveCfg = Debug|Any CPU
		{13D96D82-B785-41F1-B33E-291C7CCA700A}.Debug|Any CPU.Build.0 = Debug|Any CPU
		{13D96D82-B785-41F1-B33E-291C7CCA700A}.Release|Any CPU.ActiveCfg = Release|Any CPU
		{13D96D82-B785-41F1-B33E-291C7CCA700A}.Release|Any CPU.Build.0 = Release|Any CPU
		{C008E782-3045-4412-AEB8-42BBBF3F4046}.Debug|Any CPU.ActiveCfg = Debug|Any CPU
		{C008E782-3045-4412-AEB8-42BBBF3F4046}.Debug|Any CPU.Build.0 = Debug|Any CPU
		{C008E782-3045-4412-AEB8-42BBBF3F4046}.Release|Any CPU.ActiveCfg = Release|Any CPU
		{C008E782-3045-4412-AEB8-42BBBF3F4046}.Release|Any CPU.Build.0 = Release|Any CPU
	EndGlobalSection
	GlobalSection(SolutionProperties) = preSolution
		HideSolutionNode = FALSE
	EndGlobalSection
	GlobalSection(NestedProjects) = preSolution
		{7CB5AD61-BBDE-44BF-B98A-139F392129B6} = {9D524934-B4C4-4E1A-9764-0C702FAC4EEC}
		{DAAE4E2D-4DC9-4B71-93B8-579E11AD43A3} = {D0FBB804-248C-4FEB-92C8-E1F6BA27F00B}
		{13D96D82-B785-41F1-B33E-291C7CCA700A} = {D0FBB804-248C-4FEB-92C8-E1F6BA27F00B}
		{C008E782-3045-4412-AEB8-42BBBF3F4046} = {D0FBB804-248C-4FEB-92C8-E1F6BA27F00B}
	EndGlobalSection
	GlobalSection(ExtensibilityGlobals) = postSolution
		SolutionGuid = {A820276D-A6B2-422E-A330-7AF014C664FE}
	EndGlobalSection
EndGlobal
